
Microsoft Visual Studio Solution File, Format Version 12.00
# Visual Studio Version 16
VisualStudioVersion = 16.0.30523.141
MinimumVisualStudioVersion = 10.0.40219.1
Project("{FAE04EC0-301F-11D3-BF4B-00C04F79EFBC}") = "DigitalWellbeing", "Hack\DigitalWellbeing.csproj", "{0BDC6852-506C-4E3D-8A06-8E07D7E9B77F}"
EndProject
Global
	GlobalSection(SolutionConfigurationPlatforms) = preSolution
		Debug|Any CPU = Debug|Any CPU
		Release|Any CPU = Release|Any CPU
	EndGlobalSection
	GlobalSection(ProjectConfigurationPlatforms) = postSolution
		{0BDC6852-506C-4E3D-8A06-8E07D7E9B77F}.Debug|Any CPU.ActiveCfg = Debug|Any CPU
		{0BDC6852-506C-4E3D-8A06-8E07D7E9B77F}.Debug|Any CPU.Build.0 = Debug|Any CPU
		{0BDC6852-506C-4E3D-8A06-8E07D7E9B77F}.Release|Any CPU.ActiveCfg = Release|Any CPU
		{0BDC6852-506C-4E3D-8A06-8E07D7E9B77F}.Release|Any CPU.Build.0 = Release|Any CPU
	EndGlobalSection
	GlobalSection(SolutionProperties) = preSolution
		HideSolutionNode = FALSE
	EndGlobalSection
	GlobalSection(ExtensibilityGlobals) = postSolution
		SolutionGuid = {493606B9-B664-49CD-8544-D7DD224FD1B1}
	EndGlobalSection
EndGlobal
